// !$*UTF8*$!
{
	archiveVersion = 1;
	classes = {
	};
	objectVersion = 50;
	objects = {

/* Begin PBXBuildFile section */
		50AAA40BC6B38FE53EBF7FF0 /* Pods_HealtTracer.framework in Frameworks */ = {isa = PBXBuildFile; fileRef = 252BEEE98E9618ADBF8A9613 /* Pods_HealtTracer.framework */; };
		6B10A918F36E4D90DC7A4263 /* Pods_HealtTracerTests.framework in Frameworks */ = {isa = PBXBuildFile; fileRef = DD26485217DA215544E91B83 /* Pods_HealtTracerTests.framework */; };
		C8983AAED22DD80E3F9B1984 /* Pods_HealtTracerUITests.framework in Frameworks */ = {isa = PBXBuildFile; fileRef = 7D107D10A6C1EA07C2D0A2F8 /* Pods_HealtTracerUITests.framework */; };
		E30A4E2A20AF5E9100404848 /* DistanceGoal.swift in Sources */ = {isa = PBXBuildFile; fileRef = E30A4E2920AF5E9100404848 /* DistanceGoal.swift */; };
		E30A4E2C20AF68F000404848 /* StepsGoal.swift in Sources */ = {isa = PBXBuildFile; fileRef = E30A4E2B20AF68F000404848 /* StepsGoal.swift */; };
		E31B38EA20AFFF31001D2A65 /* WeekDayStarts.swift in Sources */ = {isa = PBXBuildFile; fileRef = E31B38E920AFFF31001D2A65 /* WeekDayStarts.swift */; };
		E32446F72085091900C6B5C4 /* AppDelegate.swift in Sources */ = {isa = PBXBuildFile; fileRef = E32446F62085091900C6B5C4 /* AppDelegate.swift */; };
		E32446F92085091900C6B5C4 /* ViewController.swift in Sources */ = {isa = PBXBuildFile; fileRef = E32446F82085091900C6B5C4 /* ViewController.swift */; };
		E32446FC2085091900C6B5C4 /* Main.storyboard in Resources */ = {isa = PBXBuildFile; fileRef = E32446FA2085091900C6B5C4 /* Main.storyboard */; };
		E32446FE2085091B00C6B5C4 /* Assets.xcassets in Resources */ = {isa = PBXBuildFile; fileRef = E32446FD2085091B00C6B5C4 /* Assets.xcassets */; };
		E32447012085091B00C6B5C4 /* LaunchScreen.storyboard in Resources */ = {isa = PBXBuildFile; fileRef = E32446FF2085091B00C6B5C4 /* LaunchScreen.storyboard */; };
		E324470C2085091B00C6B5C4 /* HealtTracerTests.swift in Sources */ = {isa = PBXBuildFile; fileRef = E324470B2085091B00C6B5C4 /* HealtTracerTests.swift */; };
		E32447172085091B00C6B5C4 /* HealtTracerUITests.swift in Sources */ = {isa = PBXBuildFile; fileRef = E32447162085091B00C6B5C4 /* HealtTracerUITests.swift */; };
		E32447272085094900C6B5C4 /* HealthKit.framework in Frameworks */ = {isa = PBXBuildFile; fileRef = E32447262085094900C6B5C4 /* HealthKit.framework */; };
		E324472920850B8C00C6B5C4 /* HealthKitManager.swift in Sources */ = {isa = PBXBuildFile; fileRef = E324472820850B8C00C6B5C4 /* HealthKitManager.swift */; };
		E328A10820A9FF6F00A2C47C /* HeartRate.swift in Sources */ = {isa = PBXBuildFile; fileRef = E328A10720A9FF6F00A2C47C /* HeartRate.swift */; };
		E328A10A20AB3A3D00A2C47C /* FloorView.swift in Sources */ = {isa = PBXBuildFile; fileRef = E328A10920AB3A3D00A2C47C /* FloorView.swift */; };
		E328A10C20AB4EF300A2C47C /* ActiveHoursView.swift in Sources */ = {isa = PBXBuildFile; fileRef = E328A10B20AB4EF300A2C47C /* ActiveHoursView.swift */; };
		E328A10E20AB577A00A2C47C /* HeightView.swift in Sources */ = {isa = PBXBuildFile; fileRef = E328A10D20AB577A00A2C47C /* HeightView.swift */; };
		E328A11020AB646000A2C47C /* CaloriesView.swift in Sources */ = {isa = PBXBuildFile; fileRef = E328A10F20AB646000A2C47C /* CaloriesView.swift */; };
		E34F3DD020ACDA640077EA64 /* ARView.swift in Sources */ = {isa = PBXBuildFile; fileRef = E34F3DCF20ACDA640077EA64 /* ARView.swift */; };
		E37261DB20ACBC0B00E763F4 /* TracerLocation.swift in Sources */ = {isa = PBXBuildFile; fileRef = E37261DA20ACBC0B00E763F4 /* TracerLocation.swift */; };
		E376B72320AF71F1007CAE23 /* WeekStats.swift in Sources */ = {isa = PBXBuildFile; fileRef = E376B72220AF71F1007CAE23 /* WeekStats.swift */; };
		E38F0DAF208656CA00A5F9DA /* MapViewController.swift in Sources */ = {isa = PBXBuildFile; fileRef = E38F0DAE208656CA00A5F9DA /* MapViewController.swift */; };
		E39BE7F820A9ED9D0087FE3D /* PersonalView.swift in Sources */ = {isa = PBXBuildFile; fileRef = E39BE7F720A9ED9D0087FE3D /* PersonalView.swift */; };
		E3C48B2920AE0D8F0088C689 /* Trening.swift in Sources */ = {isa = PBXBuildFile; fileRef = E3C48B2820AE0D8F0088C689 /* Trening.swift */; };
		E3E8EB8220AB80EF00E1F830 /* DistanceView.swift in Sources */ = {isa = PBXBuildFile; fileRef = E3E8EB8120AB80EF00E1F830 /* DistanceView.swift */; };
		E3E8EB8420AB865E00E1F830 /* StepsView.swift in Sources */ = {isa = PBXBuildFile; fileRef = E3E8EB8320AB865E00E1F830 /* StepsView.swift */; };
		E3F3C44420AC82D200E9515C /* DBManager.swift in Sources */ = {isa = PBXBuildFile; fileRef = E3F3C44320AC82D200E9515C /* DBManager.swift */; };
		E3F3C44620AC850900E9515C /* Location.swift in Sources */ = {isa = PBXBuildFile; fileRef = E3F3C44520AC850900E9515C /* Location.swift */; };
/* End PBXBuildFile section */

/* Begin PBXContainerItemProxy section */
		E32447082085091B00C6B5C4 /* PBXContainerItemProxy */ = {
			isa = PBXContainerItemProxy;
			containerPortal = E32446EB2085091900C6B5C4 /* Project object */;
			proxyType = 1;
			remoteGlobalIDString = E32446F22085091900C6B5C4;
			remoteInfo = HealtTracer;
		};
		E32447132085091B00C6B5C4 /* PBXContainerItemProxy */ = {
			isa = PBXContainerItemProxy;
			containerPortal = E32446EB2085091900C6B5C4 /* Project object */;
			proxyType = 1;
			remoteGlobalIDString = E32446F22085091900C6B5C4;
			remoteInfo = HealtTracer;
		};
/* End PBXContainerItemProxy section */

/* Begin PBXFileReference section */
		234F8A63AD9886E2E651C58E /* Pods-HealtTracer.release.xcconfig */ = {isa = PBXFileReference; includeInIndex = 1; lastKnownFileType = text.xcconfig; name = "Pods-HealtTracer.release.xcconfig"; path = "Pods/Target Support Files/Pods-HealtTracer/Pods-HealtTracer.release.xcconfig"; sourceTree = "<group>"; };
		252BEEE98E9618ADBF8A9613 /* Pods_HealtTracer.framework */ = {isa = PBXFileReference; explicitFileType = wrapper.framework; includeInIndex = 0; path = Pods_HealtTracer.framework; sourceTree = BUILT_PRODUCTS_DIR; };
		35ED5B1A27D7EE96B4DECD68 /* Pods-HealtTracerTests.debug.xcconfig */ = {isa = PBXFileReference; includeInIndex = 1; lastKnownFileType = text.xcconfig; name = "Pods-HealtTracerTests.debug.xcconfig"; path = "Pods/Target Support Files/Pods-HealtTracerTests/Pods-HealtTracerTests.debug.xcconfig"; sourceTree = "<group>"; };
		491EFA9613AB63397F885ACE /* Pods-HealtTracerTests.release.xcconfig */ = {isa = PBXFileReference; includeInIndex = 1; lastKnownFileType = text.xcconfig; name = "Pods-HealtTracerTests.release.xcconfig"; path = "Pods/Target Support Files/Pods-HealtTracerTests/Pods-HealtTracerTests.release.xcconfig"; sourceTree = "<group>"; };
		60A60553F832EEB293FC6AFA /* Pods-HealtTracer.debug.xcconfig */ = {isa = PBXFileReference; includeInIndex = 1; lastKnownFileType = text.xcconfig; name = "Pods-HealtTracer.debug.xcconfig"; path = "Pods/Target Support Files/Pods-HealtTracer/Pods-HealtTracer.debug.xcconfig"; sourceTree = "<group>"; };
		71FBA9EF2284007A00A3509B /* Pods-HealtTracerUITests.release.xcconfig */ = {isa = PBXFileReference; includeInIndex = 1; lastKnownFileType = text.xcconfig; name = "Pods-HealtTracerUITests.release.xcconfig"; path = "Pods/Target Support Files/Pods-HealtTracerUITests/Pods-HealtTracerUITests.release.xcconfig"; sourceTree = "<group>"; };
		7D107D10A6C1EA07C2D0A2F8 /* Pods_HealtTracerUITests.framework */ = {isa = PBXFileReference; explicitFileType = wrapper.framework; includeInIndex = 0; path = Pods_HealtTracerUITests.framework; sourceTree = BUILT_PRODUCTS_DIR; };
		8482AA90D8AA923DF762E40E /* Pods-HealtTracerUITests.debug.xcconfig */ = {isa = PBXFileReference; includeInIndex = 1; lastKnownFileType = text.xcconfig; name = "Pods-HealtTracerUITests.debug.xcconfig"; path = "Pods/Target Support Files/Pods-HealtTracerUITests/Pods-HealtTracerUITests.debug.xcconfig"; sourceTree = "<group>"; };
		DD26485217DA215544E91B83 /* Pods_HealtTracerTests.framework */ = {isa = PBXFileReference; explicitFileType = wrapper.framework; includeInIndex = 0; path = Pods_HealtTracerTests.framework; sourceTree = BUILT_PRODUCTS_DIR; };
		E30A4E2920AF5E9100404848 /* DistanceGoal.swift */ = {isa = PBXFileReference; lastKnownFileType = sourcecode.swift; path = DistanceGoal.swift; sourceTree = "<group>"; };
		E30A4E2B20AF68F000404848 /* StepsGoal.swift */ = {isa = PBXFileReference; lastKnownFileType = sourcecode.swift; path = StepsGoal.swift; sourceTree = "<group>"; };
		E31B38E920AFFF31001D2A65 /* WeekDayStarts.swift */ = {isa = PBXFileReference; lastKnownFileType = sourcecode.swift; path = WeekDayStarts.swift; sourceTree = "<group>"; };
		E32446F32085091900C6B5C4 /* HealtTracer.app */ = {isa = PBXFileReference; explicitFileType = wrapper.application; includeInIndex = 0; path = HealtTracer.app; sourceTree = BUILT_PRODUCTS_DIR; };
		E32446F62085091900C6B5C4 /* AppDelegate.swift */ = {isa = PBXFileReference; lastKnownFileType = sourcecode.swift; path = AppDelegate.swift; sourceTree = "<group>"; };
		E32446F82085091900C6B5C4 /* ViewController.swift */ = {isa = PBXFileReference; lastKnownFileType = sourcecode.swift; path = ViewController.swift; sourceTree = "<group>"; };
		E32446FB2085091900C6B5C4 /* Base */ = {isa = PBXFileReference; lastKnownFileType = file.storyboard; name = Base; path = Base.lproj/Main.storyboard; sourceTree = "<group>"; };
		E32446FD2085091B00C6B5C4 /* Assets.xcassets */ = {isa = PBXFileReference; lastKnownFileType = folder.assetcatalog; path = Assets.xcassets; sourceTree = "<group>"; };
		E32447002085091B00C6B5C4 /* Base */ = {isa = PBXFileReference; lastKnownFileType = file.storyboard; name = Base; path = Base.lproj/LaunchScreen.storyboard; sourceTree = "<group>"; };
		E32447022085091B00C6B5C4 /* Info.plist */ = {isa = PBXFileReference; lastKnownFileType = text.plist.xml; path = Info.plist; sourceTree = "<group>"; };
		E32447072085091B00C6B5C4 /* HealtTracerTests.xctest */ = {isa = PBXFileReference; explicitFileType = wrapper.cfbundle; includeInIndex = 0; path = HealtTracerTests.xctest; sourceTree = BUILT_PRODUCTS_DIR; };
		E324470B2085091B00C6B5C4 /* HealtTracerTests.swift */ = {isa = PBXFileReference; lastKnownFileType = sourcecode.swift; path = HealtTracerTests.swift; sourceTree = "<group>"; };
		E324470D2085091B00C6B5C4 /* Info.plist */ = {isa = PBXFileReference; lastKnownFileType = text.plist.xml; path = Info.plist; sourceTree = "<group>"; };
		E32447122085091B00C6B5C4 /* HealtTracerUITests.xctest */ = {isa = PBXFileReference; explicitFileType = wrapper.cfbundle; includeInIndex = 0; path = HealtTracerUITests.xctest; sourceTree = BUILT_PRODUCTS_DIR; };
		E32447162085091B00C6B5C4 /* HealtTracerUITests.swift */ = {isa = PBXFileReference; lastKnownFileType = sourcecode.swift; path = HealtTracerUITests.swift; sourceTree = "<group>"; };
		E32447182085091B00C6B5C4 /* Info.plist */ = {isa = PBXFileReference; lastKnownFileType = text.plist.xml; path = Info.plist; sourceTree = "<group>"; };
		E32447242085094900C6B5C4 /* HealtTracer.entitlements */ = {isa = PBXFileReference; lastKnownFileType = text.plist.entitlements; path = HealtTracer.entitlements; sourceTree = "<group>"; };
		E32447262085094900C6B5C4 /* HealthKit.framework */ = {isa = PBXFileReference; lastKnownFileType = wrapper.framework; name = HealthKit.framework; path = System/Library/Frameworks/HealthKit.framework; sourceTree = SDKROOT; };
		E324472820850B8C00C6B5C4 /* HealthKitManager.swift */ = {isa = PBXFileReference; lastKnownFileType = sourcecode.swift; path = HealthKitManager.swift; sourceTree = "<group>"; };
		E328A10720A9FF6F00A2C47C /* HeartRate.swift */ = {isa = PBXFileReference; lastKnownFileType = sourcecode.swift; path = HeartRate.swift; sourceTree = "<group>"; };
		E328A10920AB3A3D00A2C47C /* FloorView.swift */ = {isa = PBXFileReference; lastKnownFileType = sourcecode.swift; path = FloorView.swift; sourceTree = "<group>"; };
		E328A10B20AB4EF300A2C47C /* ActiveHoursView.swift */ = {isa = PBXFileReference; lastKnownFileType = sourcecode.swift; path = ActiveHoursView.swift; sourceTree = "<group>"; };
		E328A10D20AB577A00A2C47C /* HeightView.swift */ = {isa = PBXFileReference; lastKnownFileType = sourcecode.swift; path = HeightView.swift; sourceTree = "<group>"; };
		E328A10F20AB646000A2C47C /* CaloriesView.swift */ = {isa = PBXFileReference; lastKnownFileType = sourcecode.swift; path = CaloriesView.swift; sourceTree = "<group>"; };
		E34F3DCF20ACDA640077EA64 /* ARView.swift */ = {isa = PBXFileReference; lastKnownFileType = sourcecode.swift; path = ARView.swift; sourceTree = "<group>"; };
		E37261DA20ACBC0B00E763F4 /* TracerLocation.swift */ = {isa = PBXFileReference; lastKnownFileType = sourcecode.swift; path = TracerLocation.swift; sourceTree = "<group>"; };
		E376B72220AF71F1007CAE23 /* WeekStats.swift */ = {isa = PBXFileReference; lastKnownFileType = sourcecode.swift; path = WeekStats.swift; sourceTree = "<group>"; };
		E38F0DAE208656CA00A5F9DA /* MapViewController.swift */ = {isa = PBXFileReference; lastKnownFileType = sourcecode.swift; path = MapViewController.swift; sourceTree = "<group>"; };
		E39BE7F720A9ED9D0087FE3D /* PersonalView.swift */ = {isa = PBXFileReference; lastKnownFileType = sourcecode.swift; path = PersonalView.swift; sourceTree = "<group>"; };
		E3C48B2820AE0D8F0088C689 /* Trening.swift */ = {isa = PBXFileReference; lastKnownFileType = sourcecode.swift; path = Trening.swift; sourceTree = "<group>"; };
		E3E8EB8120AB80EF00E1F830 /* DistanceView.swift */ = {isa = PBXFileReference; lastKnownFileType = sourcecode.swift; path = DistanceView.swift; sourceTree = "<group>"; };
		E3E8EB8320AB865E00E1F830 /* StepsView.swift */ = {isa = PBXFileReference; lastKnownFileType = sourcecode.swift; path = StepsView.swift; sourceTree = "<group>"; };
		E3F3C44320AC82D200E9515C /* DBManager.swift */ = {isa = PBXFileReference; lastKnownFileType = sourcecode.swift; path = DBManager.swift; sourceTree = "<group>"; };
		E3F3C44520AC850900E9515C /* Location.swift */ = {isa = PBXFileReference; lastKnownFileType = sourcecode.swift; path = Location.swift; sourceTree = "<group>"; };
/* End PBXFileReference section */

/* Begin PBXFrameworksBuildPhase section */
		E32446F02085091900C6B5C4 /* Frameworks */ = {
			isa = PBXFrameworksBuildPhase;
			buildActionMask = 2147483647;
			files = (
				E32447272085094900C6B5C4 /* HealthKit.framework in Frameworks */,
				50AAA40BC6B38FE53EBF7FF0 /* Pods_HealtTracer.framework in Frameworks */,
			);
			runOnlyForDeploymentPostprocessing = 0;
		};
		E32447042085091B00C6B5C4 /* Frameworks */ = {
			isa = PBXFrameworksBuildPhase;
			buildActionMask = 2147483647;
			files = (
				6B10A918F36E4D90DC7A4263 /* Pods_HealtTracerTests.framework in Frameworks */,
			);
			runOnlyForDeploymentPostprocessing = 0;
		};
		E324470F2085091B00C6B5C4 /* Frameworks */ = {
			isa = PBXFrameworksBuildPhase;
			buildActionMask = 2147483647;
			files = (
				C8983AAED22DD80E3F9B1984 /* Pods_HealtTracerUITests.framework in Frameworks */,
			);
			runOnlyForDeploymentPostprocessing = 0;
		};
/* End PBXFrameworksBuildPhase section */

/* Begin PBXGroup section */
		09F0B254539657BF9F2EEDBF /* Pods */ = {
			isa = PBXGroup;
			children = (
				60A60553F832EEB293FC6AFA /* Pods-HealtTracer.debug.xcconfig */,
				234F8A63AD9886E2E651C58E /* Pods-HealtTracer.release.xcconfig */,
				35ED5B1A27D7EE96B4DECD68 /* Pods-HealtTracerTests.debug.xcconfig */,
				491EFA9613AB63397F885ACE /* Pods-HealtTracerTests.release.xcconfig */,
				8482AA90D8AA923DF762E40E /* Pods-HealtTracerUITests.debug.xcconfig */,
				71FBA9EF2284007A00A3509B /* Pods-HealtTracerUITests.release.xcconfig */,
			);
			name = Pods;
			sourceTree = "<group>";
		};
		E32446EA2085091900C6B5C4 = {
			isa = PBXGroup;
			children = (
				E32446F52085091900C6B5C4 /* HealtTracer */,
				E324470A2085091B00C6B5C4 /* HealtTracerTests */,
				E32447152085091B00C6B5C4 /* HealtTracerUITests */,
				E32446F42085091900C6B5C4 /* Products */,
				E32447252085094900C6B5C4 /* Frameworks */,
				09F0B254539657BF9F2EEDBF /* Pods */,
			);
			sourceTree = "<group>";
		};
		E32446F42085091900C6B5C4 /* Products */ = {
			isa = PBXGroup;
			children = (
				E32446F32085091900C6B5C4 /* HealtTracer.app */,
				E32447072085091B00C6B5C4 /* HealtTracerTests.xctest */,
				E32447122085091B00C6B5C4 /* HealtTracerUITests.xctest */,
			);
			name = Products;
			sourceTree = "<group>";
		};
		E32446F52085091900C6B5C4 /* HealtTracer */ = {
			isa = PBXGroup;
			children = (
				E366784A20B09FBD00979F45 /* Models */,
				E38F0DAE208656CA00A5F9DA /* MapViewController.swift */,
				E32447242085094900C6B5C4 /* HealtTracer.entitlements */,
				E32446F62085091900C6B5C4 /* AppDelegate.swift */,
				E32446F82085091900C6B5C4 /* ViewController.swift */,
				E32446FA2085091900C6B5C4 /* Main.storyboard */,
				E31B38E920AFFF31001D2A65 /* WeekDayStarts.swift */,
				E32446FD2085091B00C6B5C4 /* Assets.xcassets */,
				E32446FF2085091B00C6B5C4 /* LaunchScreen.storyboard */,
				E32447022085091B00C6B5C4 /* Info.plist */,
				E324472820850B8C00C6B5C4 /* HealthKitManager.swift */,
				E39BE7F720A9ED9D0087FE3D /* PersonalView.swift */,
				E328A10720A9FF6F00A2C47C /* HeartRate.swift */,
				E328A10920AB3A3D00A2C47C /* FloorView.swift */,
				E328A10B20AB4EF300A2C47C /* ActiveHoursView.swift */,
				E328A10D20AB577A00A2C47C /* HeightView.swift */,
				E328A10F20AB646000A2C47C /* CaloriesView.swift */,
				E3E8EB8120AB80EF00E1F830 /* DistanceView.swift */,
				E3E8EB8320AB865E00E1F830 /* StepsView.swift */,
				E3F3C44320AC82D200E9515C /* DBManager.swift */,
				E34F3DCF20ACDA640077EA64 /* ARView.swift */,
				E376B72220AF71F1007CAE23 /* WeekStats.swift */,
			);
			path = HealtTracer;
			sourceTree = "<group>";
		};
		E324470A2085091B00C6B5C4 /* HealtTracerTests */ = {
			isa = PBXGroup;
			children = (
				E324470B2085091B00C6B5C4 /* HealtTracerTests.swift */,
				E324470D2085091B00C6B5C4 /* Info.plist */,
			);
			path = HealtTracerTests;
			sourceTree = "<group>";
		};
		E32447152085091B00C6B5C4 /* HealtTracerUITests */ = {
			isa = PBXGroup;
			children = (
				E32447162085091B00C6B5C4 /* HealtTracerUITests.swift */,
				E32447182085091B00C6B5C4 /* Info.plist */,
			);
			path = HealtTracerUITests;
			sourceTree = "<group>";
		};
		E32447252085094900C6B5C4 /* Frameworks */ = {
			isa = PBXGroup;
			children = (
				E32447262085094900C6B5C4 /* HealthKit.framework */,
				252BEEE98E9618ADBF8A9613 /* Pods_HealtTracer.framework */,
				DD26485217DA215544E91B83 /* Pods_HealtTracerTests.framework */,
				7D107D10A6C1EA07C2D0A2F8 /* Pods_HealtTracerUITests.framework */,
			);
			name = Frameworks;
			sourceTree = "<group>";
		};
		E366784A20B09FBD00979F45 /* Models */ = {
			isa = PBXGroup;
			children = (
				E3F3C44520AC850900E9515C /* Location.swift */,
				E37261DA20ACBC0B00E763F4 /* TracerLocation.swift */,
				E3C48B2820AE0D8F0088C689 /* Trening.swift */,
				E30A4E2920AF5E9100404848 /* DistanceGoal.swift */,
				E30A4E2B20AF68F000404848 /* StepsGoal.swift */,
			);
			path = Models;
			sourceTree = "<group>";
		};
/* End PBXGroup section */

/* Begin PBXNativeTarget section */
		E32446F22085091900C6B5C4 /* HealtTracer */ = {
			isa = PBXNativeTarget;
			buildConfigurationList = E324471B2085091B00C6B5C4 /* Build configuration list for PBXNativeTarget "HealtTracer" */;
			buildPhases = (
				917F1378FC06560A87610388 /* [CP] Check Pods Manifest.lock */,
				E32446EF2085091900C6B5C4 /* Sources */,
				E32446F02085091900C6B5C4 /* Frameworks */,
				E32446F12085091900C6B5C4 /* Resources */,
				BB51E8707FB10C8704ACEF1F /* [CP] Embed Pods Frameworks */,
			);
			buildRules = (
			);
			dependencies = (
			);
			name = HealtTracer;
			productName = HealtTracer;
			productReference = E32446F32085091900C6B5C4 /* HealtTracer.app */;
			productType = "com.apple.product-type.application";
		};
		E32447062085091B00C6B5C4 /* HealtTracerTests */ = {
			isa = PBXNativeTarget;
			buildConfigurationList = E324471E2085091B00C6B5C4 /* Build configuration list for PBXNativeTarget "HealtTracerTests" */;
			buildPhases = (
				4E81082FDDA1E9867BA987F5 /* [CP] Check Pods Manifest.lock */,
				E32447032085091B00C6B5C4 /* Sources */,
				E32447042085091B00C6B5C4 /* Frameworks */,
				E32447052085091B00C6B5C4 /* Resources */,
			);
			buildRules = (
			);
			dependencies = (
				E32447092085091B00C6B5C4 /* PBXTargetDependency */,
			);
			name = HealtTracerTests;
			productName = HealtTracerTests;
			productReference = E32447072085091B00C6B5C4 /* HealtTracerTests.xctest */;
			productType = "com.apple.product-type.bundle.unit-test";
		};
		E32447112085091B00C6B5C4 /* HealtTracerUITests */ = {
			isa = PBXNativeTarget;
			buildConfigurationList = E32447212085091B00C6B5C4 /* Build configuration list for PBXNativeTarget "HealtTracerUITests" */;
			buildPhases = (
				F31F32A9BFB2D38ADF114906 /* [CP] Check Pods Manifest.lock */,
				E324470E2085091B00C6B5C4 /* Sources */,
				E324470F2085091B00C6B5C4 /* Frameworks */,
				E32447102085091B00C6B5C4 /* Resources */,
			);
			buildRules = (
			);
			dependencies = (
				E32447142085091B00C6B5C4 /* PBXTargetDependency */,
			);
			name = HealtTracerUITests;
			productName = HealtTracerUITests;
			productReference = E32447122085091B00C6B5C4 /* HealtTracerUITests.xctest */;
			productType = "com.apple.product-type.bundle.ui-testing";
		};
/* End PBXNativeTarget section */

/* Begin PBXProject section */
		E32446EB2085091900C6B5C4 /* Project object */ = {
			isa = PBXProject;
			attributes = {
				LastSwiftUpdateCheck = 0930;
				LastUpgradeCheck = 0930;
				ORGANIZATIONNAME = "Karol Kozakowski";
				TargetAttributes = {
					E32446F22085091900C6B5C4 = {
						CreatedOnToolsVersion = 9.3;
						SystemCapabilities = {
							com.apple.HealthKit = {
								enabled = 1;
							};
						};
					};
					E32447062085091B00C6B5C4 = {
						CreatedOnToolsVersion = 9.3;
						TestTargetID = E32446F22085091900C6B5C4;
					};
					E32447112085091B00C6B5C4 = {
						CreatedOnToolsVersion = 9.3;
						TestTargetID = E32446F22085091900C6B5C4;
					};
				};
			};
			buildConfigurationList = E32446EE2085091900C6B5C4 /* Build configuration list for PBXProject "HealtTracer" */;
			compatibilityVersion = "Xcode 9.3";
			developmentRegion = en;
			hasScannedForEncodings = 0;
			knownRegions = (
				en,
				Base,
			);
			mainGroup = E32446EA2085091900C6B5C4;
			productRefGroup = E32446F42085091900C6B5C4 /* Products */;
			projectDirPath = "";
			projectRoot = "";
			targets = (
				E32446F22085091900C6B5C4 /* HealtTracer */,
				E32447062085091B00C6B5C4 /* HealtTracerTests */,
				E32447112085091B00C6B5C4 /* HealtTracerUITests */,
			);
		};
/* End PBXProject section */

/* Begin PBXResourcesBuildPhase section */
		E32446F12085091900C6B5C4 /* Resources */ = {
			isa = PBXResourcesBuildPhase;
			buildActionMask = 2147483647;
			files = (
				E32447012085091B00C6B5C4 /* LaunchScreen.storyboard in Resources */,
				E32446FE2085091B00C6B5C4 /* Assets.xcassets in Resources */,
				E32446FC2085091900C6B5C4 /* Main.storyboard in Resources */,
			);
			runOnlyForDeploymentPostprocessing = 0;
		};
		E32447052085091B00C6B5C4 /* Resources */ = {
			isa = PBXResourcesBuildPhase;
			buildActionMask = 2147483647;
			files = (
			);
			runOnlyForDeploymentPostprocessing = 0;
		};
		E32447102085091B00C6B5C4 /* Resources */ = {
			isa = PBXResourcesBuildPhase;
			buildActionMask = 2147483647;
			files = (
			);
			runOnlyForDeploymentPostprocessing = 0;
		};
/* End PBXResourcesBuildPhase section */

/* Begin PBXShellScriptBuildPhase section */
		4E81082FDDA1E9867BA987F5 /* [CP] Check Pods Manifest.lock */ = {
			isa = PBXShellScriptBuildPhase;
			buildActionMask = 2147483647;
			files = (
			);
			inputPaths = (
				"${PODS_PODFILE_DIR_PATH}/Podfile.lock",
				"${PODS_ROOT}/Manifest.lock",
			);
			name = "[CP] Check Pods Manifest.lock";
			outputPaths = (
				"$(DERIVED_FILE_DIR)/Pods-HealtTracerTests-checkManifestLockResult.txt",
			);
			runOnlyForDeploymentPostprocessing = 0;
			shellPath = /bin/sh;
			shellScript = "diff \"${PODS_PODFILE_DIR_PATH}/Podfile.lock\" \"${PODS_ROOT}/Manifest.lock\" > /dev/null\nif [ $? != 0 ] ; then\n    # print error to STDERR\n    echo \"error: The sandbox is not in sync with the Podfile.lock. Run 'pod install' or update your CocoaPods installation.\" >&2\n    exit 1\nfi\n# This output is used by Xcode 'outputs' to avoid re-running this script phase.\necho \"SUCCESS\" > \"${SCRIPT_OUTPUT_FILE_0}\"\n";
			showEnvVarsInLog = 0;
		};
		917F1378FC06560A87610388 /* [CP] Check Pods Manifest.lock */ = {
			isa = PBXShellScriptBuildPhase;
			buildActionMask = 2147483647;
			files = (
			);
			inputPaths = (
				"${PODS_PODFILE_DIR_PATH}/Podfile.lock",
				"${PODS_ROOT}/Manifest.lock",
			);
			name = "[CP] Check Pods Manifest.lock";
			outputPaths = (
				"$(DERIVED_FILE_DIR)/Pods-HealtTracer-checkManifestLockResult.txt",
			);
			runOnlyForDeploymentPostprocessing = 0;
			shellPath = /bin/sh;
			shellScript = "diff \"${PODS_PODFILE_DIR_PATH}/Podfile.lock\" \"${PODS_ROOT}/Manifest.lock\" > /dev/null\nif [ $? != 0 ] ; then\n    # print error to STDERR\n    echo \"error: The sandbox is not in sync with the Podfile.lock. Run 'pod install' or update your CocoaPods installation.\" >&2\n    exit 1\nfi\n# This output is used by Xcode 'outputs' to avoid re-running this script phase.\necho \"SUCCESS\" > \"${SCRIPT_OUTPUT_FILE_0}\"\n";
			showEnvVarsInLog = 0;
		};
		BB51E8707FB10C8704ACEF1F /* [CP] Embed Pods Frameworks */ = {
			isa = PBXShellScriptBuildPhase;
			buildActionMask = 2147483647;
			files = (
			);
			inputPaths = (
				"${SRCROOT}/Pods/Target Support Files/Pods-HealtTracer/Pods-HealtTracer-frameworks.sh",
				"${BUILT_PRODUCTS_DIR}/DynamicBlurView/DynamicBlurView.framework",
				"${BUILT_PRODUCTS_DIR}/MaterialComponents/MaterialComponents.framework",
				"${BUILT_PRODUCTS_DIR}/PopupDialog/PopupDialog.framework",
				"${BUILT_PRODUCTS_DIR}/Realm/Realm.framework",
				"${BUILT_PRODUCTS_DIR}/RealmGeoQueries/GeoQueries.framework",
				"${BUILT_PRODUCTS_DIR}/RealmSwift/RealmSwift.framework",
			);
			name = "[CP] Embed Pods Frameworks";
			outputPaths = (
				"${TARGET_BUILD_DIR}/${FRAMEWORKS_FOLDER_PATH}/DynamicBlurView.framework",
				"${TARGET_BUILD_DIR}/${FRAMEWORKS_FOLDER_PATH}/MaterialComponents.framework",
				"${TARGET_BUILD_DIR}/${FRAMEWORKS_FOLDER_PATH}/PopupDialog.framework",
				"${TARGET_BUILD_DIR}/${FRAMEWORKS_FOLDER_PATH}/Realm.framework",
				"${TARGET_BUILD_DIR}/${FRAMEWORKS_FOLDER_PATH}/GeoQueries.framework",
				"${TARGET_BUILD_DIR}/${FRAMEWORKS_FOLDER_PATH}/RealmSwift.framework",
			);
			runOnlyForDeploymentPostprocessing = 0;
			shellPath = /bin/sh;
			shellScript = "\"${SRCROOT}/Pods/Target Support Files/Pods-HealtTracer/Pods-HealtTracer-frameworks.sh\"\n";
			showEnvVarsInLog = 0;
		};
		F31F32A9BFB2D38ADF114906 /* [CP] Check Pods Manifest.lock */ = {
			isa = PBXShellScriptBuildPhase;
			buildActionMask = 2147483647;
			files = (
			);
			inputPaths = (
				"${PODS_PODFILE_DIR_PATH}/Podfile.lock",
				"${PODS_ROOT}/Manifest.lock",
			);
			name = "[CP] Check Pods Manifest.lock";
			outputPaths = (
				"$(DERIVED_FILE_DIR)/Pods-HealtTracerUITests-checkManifestLockResult.txt",
			);
			runOnlyForDeploymentPostprocessing = 0;
			shellPath = /bin/sh;
			shellScript = "diff \"${PODS_PODFILE_DIR_PATH}/Podfile.lock\" \"${PODS_ROOT}/Manifest.lock\" > /dev/null\nif [ $? != 0 ] ; then\n    # print error to STDERR\n    echo \"error: The sandbox is not in sync with the Podfile.lock. Run 'pod install' or update your CocoaPods installation.\" >&2\n    exit 1\nfi\n# This output is used by Xcode 'outputs' to avoid re-running this script phase.\necho \"SUCCESS\" > \"${SCRIPT_OUTPUT_FILE_0}\"\n";
			showEnvVarsInLog = 0;
		};
/* End PBXShellScriptBuildPhase section */

/* Begin PBXSourcesBuildPhase section */
		E32446EF2085091900C6B5C4 /* Sources */ = {
			isa = PBXSourcesBuildPhase;
			buildActionMask = 2147483647;
			files = (
				E328A11020AB646000A2C47C /* CaloriesView.swift in Sources */,
				E328A10C20AB4EF300A2C47C /* ActiveHoursView.swift in Sources */,
				E324472920850B8C00C6B5C4 /* HealthKitManager.swift in Sources */,
				E3C48B2920AE0D8F0088C689 /* Trening.swift in Sources */,
				E3F3C44420AC82D200E9515C /* DBManager.swift in Sources */,
				E32446F92085091900C6B5C4 /* ViewController.swift in Sources */,
				E34F3DD020ACDA640077EA64 /* ARView.swift in Sources */,
				E39BE7F820A9ED9D0087FE3D /* PersonalView.swift in Sources */,
				E3F3C44620AC850900E9515C /* Location.swift in Sources */,
				E376B72320AF71F1007CAE23 /* WeekStats.swift in Sources */,
				E30A4E2C20AF68F000404848 /* StepsGoal.swift in Sources */,
				E32446F72085091900C6B5C4 /* AppDelegate.swift in Sources */,
				E37261DB20ACBC0B00E763F4 /* TracerLocation.swift in Sources */,
				E31B38EA20AFFF31001D2A65 /* WeekDayStarts.swift in Sources */,
				E328A10820A9FF6F00A2C47C /* HeartRate.swift in Sources */,
				E328A10A20AB3A3D00A2C47C /* FloorView.swift in Sources */,
				E3E8EB8420AB865E00E1F830 /* StepsView.swift in Sources */,
				E328A10E20AB577A00A2C47C /* HeightView.swift in Sources */,
				E3E8EB8220AB80EF00E1F830 /* DistanceView.swift in Sources */,
				E38F0DAF208656CA00A5F9DA /* MapViewController.swift in Sources */,
				E30A4E2A20AF5E9100404848 /* DistanceGoal.swift in Sources */,
			);
			runOnlyForDeploymentPostprocessing = 0;
		};
		E32447032085091B00C6B5C4 /* Sources */ = {
			isa = PBXSourcesBuildPhase;
			buildActionMask = 2147483647;
			files = (
				E324470C2085091B00C6B5C4 /* HealtTracerTests.swift in Sources */,
			);
			runOnlyForDeploymentPostprocessing = 0;
		};
		E324470E2085091B00C6B5C4 /* Sources */ = {
			isa = PBXSourcesBuildPhase;
			buildActionMask = 2147483647;
			files = (
				E32447172085091B00C6B5C4 /* HealtTracerUITests.swift in Sources */,
			);
			runOnlyForDeploymentPostprocessing = 0;
		};
/* End PBXSourcesBuildPhase section */

/* Begin PBXTargetDependency section */
		E32447092085091B00C6B5C4 /* PBXTargetDependency */ = {
			isa = PBXTargetDependency;
			target = E32446F22085091900C6B5C4 /* HealtTracer */;
			targetProxy = E32447082085091B00C6B5C4 /* PBXContainerItemProxy */;
		};
		E32447142085091B00C6B5C4 /* PBXTargetDependency */ = {
			isa = PBXTargetDependency;
			target = E32446F22085091900C6B5C4 /* HealtTracer */;
			targetProxy = E32447132085091B00C6B5C4 /* PBXContainerItemProxy */;
		};
/* End PBXTargetDependency section */

/* Begin PBXVariantGroup section */
		E32446FA2085091900C6B5C4 /* Main.storyboard */ = {
			isa = PBXVariantGroup;
			children = (
				E32446FB2085091900C6B5C4 /* Base */,
			);
			name = Main.storyboard;
			sourceTree = "<group>";
		};
		E32446FF2085091B00C6B5C4 /* LaunchScreen.storyboard */ = {
			isa = PBXVariantGroup;
			children = (
				E32447002085091B00C6B5C4 /* Base */,
			);
			name = LaunchScreen.storyboard;
			sourceTree = "<group>";
		};
/* End PBXVariantGroup section */

/* Begin XCBuildConfiguration section */
		E32447192085091B00C6B5C4 /* Debug */ = {
			isa = XCBuildConfiguration;
			buildSettings = {
				ALWAYS_SEARCH_USER_PATHS = NO;
				CLANG_ANALYZER_NONNULL = YES;
				CLANG_ANALYZER_NUMBER_OBJECT_CONVERSION = YES_AGGRESSIVE;
				CLANG_CXX_LANGUAGE_STANDARD = "gnu++14";
				CLANG_CXX_LIBRARY = "libc++";
				CLANG_ENABLE_MODULES = YES;
				CLANG_ENABLE_OBJC_ARC = YES;
				CLANG_ENABLE_OBJC_WEAK = YES;
				CLANG_WARN_BLOCK_CAPTURE_AUTORELEASING = YES;
				CLANG_WARN_BOOL_CONVERSION = YES;
				CLANG_WARN_COMMA = YES;
				CLANG_WARN_CONSTANT_CONVERSION = YES;
				CLANG_WARN_DEPRECATED_OBJC_IMPLEMENTATIONS = YES;
				CLANG_WARN_DIRECT_OBJC_ISA_USAGE = YES_ERROR;
				CLANG_WARN_DOCUMENTATION_COMMENTS = YES;
				CLANG_WARN_EMPTY_BODY = YES;
				CLANG_WARN_ENUM_CONVERSION = YES;
				CLANG_WARN_INFINITE_RECURSION = YES;
				CLANG_WARN_INT_CONVERSION = YES;
				CLANG_WARN_NON_LITERAL_NULL_CONVERSION = YES;
				CLANG_WARN_OBJC_IMPLICIT_RETAIN_SELF = YES;
				CLANG_WARN_OBJC_LITERAL_CONVERSION = YES;
				CLANG_WARN_OBJC_ROOT_CLASS = YES_ERROR;
				CLANG_WARN_RANGE_LOOP_ANALYSIS = YES;
				CLANG_WARN_STRICT_PROTOTYPES = YES;
				CLANG_WARN_SUSPICIOUS_MOVE = YES;
				CLANG_WARN_UNGUARDED_AVAILABILITY = YES_AGGRESSIVE;
				CLANG_WARN_UNREACHABLE_CODE = YES;
				CLANG_WARN__DUPLICATE_METHOD_MATCH = YES;
				CODE_SIGN_IDENTITY = "iPhone Developer";
				COPY_PHASE_STRIP = NO;
				DEBUG_INFORMATION_FORMAT = dwarf;
				ENABLE_STRICT_OBJC_MSGSEND = YES;
				ENABLE_TESTABILITY = YES;
				GCC_C_LANGUAGE_STANDARD = gnu11;
				GCC_DYNAMIC_NO_PIC = NO;
				GCC_NO_COMMON_BLOCKS = YES;
				GCC_OPTIMIZATION_LEVEL = 0;
				GCC_PREPROCESSOR_DEFINITIONS = (
					"DEBUG=1",
					"$(inherited)",
				);
				GCC_WARN_64_TO_32_BIT_CONVERSION = YES;
				GCC_WARN_ABOUT_RETURN_TYPE = YES_ERROR;
				GCC_WARN_UNDECLARED_SELECTOR = YES;
				GCC_WARN_UNINITIALIZED_AUTOS = YES_AGGRESSIVE;
				GCC_WARN_UNUSED_FUNCTION = YES;
				GCC_WARN_UNUSED_VARIABLE = YES;
				IPHONEOS_DEPLOYMENT_TARGET = 11.3;
				MTL_ENABLE_DEBUG_INFO = YES;
				ONLY_ACTIVE_ARCH = YES;
				SDKROOT = iphoneos;
				SWIFT_ACTIVE_COMPILATION_CONDITIONS = DEBUG;
				SWIFT_OPTIMIZATION_LEVEL = "-Onone";
			};
			name = Debug;
		};
		E324471A2085091B00C6B5C4 /* Release */ = {
			isa = XCBuildConfiguration;
			buildSettings = {
				ALWAYS_SEARCH_USER_PATHS = NO;
				CLANG_ANALYZER_NONNULL = YES;
				CLANG_ANALYZER_NUMBER_OBJECT_CONVERSION = YES_AGGRESSIVE;
				CLANG_CXX_LANGUAGE_STANDARD = "gnu++14";
				CLANG_CXX_LIBRARY = "libc++";
				CLANG_ENABLE_MODULES = YES;
				CLANG_ENABLE_OBJC_ARC = YES;
				CLANG_ENABLE_OBJC_WEAK = YES;
				CLANG_WARN_BLOCK_CAPTURE_AUTORELEASING = YES;
				CLANG_WARN_BOOL_CONVERSION = YES;
				CLANG_WARN_COMMA = YES;
				CLANG_WARN_CONSTANT_CONVERSION = YES;
				CLANG_WARN_DEPRECATED_OBJC_IMPLEMENTATIONS = YES;
				CLANG_WARN_DIRECT_OBJC_ISA_USAGE = YES_ERROR;
				CLANG_WARN_DOCUMENTATION_COMMENTS = YES;
				CLANG_WARN_EMPTY_BODY = YES;
				CLANG_WARN_ENUM_CONVERSION = YES;
				CLANG_WARN_INFINITE_RECURSION = YES;
				CLANG_WARN_INT_CONVERSION = YES;
				CLANG_WARN_NON_LITERAL_NULL_CONVERSION = YES;
				CLANG_WARN_OBJC_IMPLICIT_RETAIN_SELF = YES;
				CLANG_WARN_OBJC_LITERAL_CONVERSION = YES;
				CLANG_WARN_OBJC_ROOT_CLASS = YES_ERROR;
				CLANG_WARN_RANGE_LOOP_ANALYSIS = YES;
				CLANG_WARN_STRICT_PROTOTYPES = YES;
				CLANG_WARN_SUSPICIOUS_MOVE = YES;
				CLANG_WARN_UNGUARDED_AVAILABILITY = YES_AGGRESSIVE;
				CLANG_WARN_UNREACHABLE_CODE = YES;
				CLANG_WARN__DUPLICATE_METHOD_MATCH = YES;
				CODE_SIGN_IDENTITY = "iPhone Developer";
				COPY_PHASE_STRIP = NO;
				DEBUG_INFORMATION_FORMAT = "dwarf-with-dsym";
				ENABLE_NS_ASSERTIONS = NO;
				ENABLE_STRICT_OBJC_MSGSEND = YES;
				GCC_C_LANGUAGE_STANDARD = gnu11;
				GCC_NO_COMMON_BLOCKS = YES;
				GCC_WARN_64_TO_32_BIT_CONVERSION = YES;
				GCC_WARN_ABOUT_RETURN_TYPE = YES_ERROR;
				GCC_WARN_UNDECLARED_SELECTOR = YES;
				GCC_WARN_UNINITIALIZED_AUTOS = YES_AGGRESSIVE;
				GCC_WARN_UNUSED_FUNCTION = YES;
				GCC_WARN_UNUSED_VARIABLE = YES;
				IPHONEOS_DEPLOYMENT_TARGET = 11.3;
				MTL_ENABLE_DEBUG_INFO = NO;
				SDKROOT = iphoneos;
				SWIFT_COMPILATION_MODE = wholemodule;
				SWIFT_OPTIMIZATION_LEVEL = "-O";
				VALIDATE_PRODUCT = YES;
			};
			name = Release;
		};
		E324471C2085091B00C6B5C4 /* Debug */ = {
			isa = XCBuildConfiguration;
			baseConfigurationReference = 60A60553F832EEB293FC6AFA /* Pods-HealtTracer.debug.xcconfig */;
			buildSettings = {
				ASSETCATALOG_COMPILER_APPICON_NAME = AppIcon;
				CODE_SIGN_ENTITLEMENTS = HealtTracer/HealtTracer.entitlements;
				CODE_SIGN_STYLE = Automatic;
				DEVELOPMENT_TEAM = HXB8W9KZRC;
				INFOPLIST_FILE = HealtTracer/Info.plist;
				LD_RUNPATH_SEARCH_PATHS = (
					"$(inherited)",
					"@executable_path/Frameworks",
				);
				PRODUCT_BUNDLE_IDENTIFIER = io.karolkozakowski.HealtTracer;
				PRODUCT_NAME = "$(TARGET_NAME)";
				SWIFT_VERSION = 4.0;
				TARGETED_DEVICE_FAMILY = "1,2";
			};
			name = Debug;
		};
		E324471D2085091B00C6B5C4 /* Release */ = {
			isa = XCBuildConfiguration;
			baseConfigurationReference = 234F8A63AD9886E2E651C58E /* Pods-HealtTracer.release.xcconfig */;
			buildSettings = {
				ASSETCATALOG_COMPILER_APPICON_NAME = AppIcon;
				CODE_SIGN_ENTITLEMENTS = HealtTracer/HealtTracer.entitlements;
				CODE_SIGN_STYLE = Automatic;
				DEVELOPMENT_TEAM = HXB8W9KZRC;
				INFOPLIST_FILE = HealtTracer/Info.plist;
				LD_RUNPATH_SEARCH_PATHS = (
					"$(inherited)",
					"@executable_path/Frameworks",
				);
				PRODUCT_BUNDLE_IDENTIFIER = io.karolkozakowski.HealtTracer;
				PRODUCT_NAME = "$(TARGET_NAME)";
				SWIFT_VERSION = 4.0;
				TARGETED_DEVICE_FAMILY = "1,2";
			};
			name = Release;
		};
		E324471F2085091B00C6B5C4 /* Debug */ = {
			isa = XCBuildConfiguration;
			baseConfigurationReference = 35ED5B1A27D7EE96B4DECD68 /* Pods-HealtTracerTests.debug.xcconfig */;
			buildSettings = {
				ALWAYS_EMBED_SWIFT_STANDARD_LIBRARIES = YES;
				BUNDLE_LOADER = "$(TEST_HOST)";
				CODE_SIGN_STYLE = Automatic;
				INFOPLIST_FILE = HealtTracerTests/Info.plist;
				LD_RUNPATH_SEARCH_PATHS = (
					"$(inherited)",
					"@executable_path/Frameworks",
					"@loader_path/Frameworks",
				);
				PRODUCT_BUNDLE_IDENTIFIER = io.karolkozakowski.HealtTracerTests;
				PRODUCT_NAME = "$(TARGET_NAME)";
				SWIFT_VERSION = 4.0;
				TARGETED_DEVICE_FAMILY = "1,2";
				TEST_HOST = "$(BUILT_PRODUCTS_DIR)/HealtTracer.app/HealtTracer";
			};
			name = Debug;
		};
		E32447202085091B00C6B5C4 /* Release */ = {
			isa = XCBuildConfiguration;
			baseConfigurationReference = 491EFA9613AB63397F885ACE /* Pods-HealtTracerTests.release.xcconfig */;
			buildSettings = {
				ALWAYS_EMBED_SWIFT_STANDARD_LIBRARIES = YES;
				BUNDLE_LOADER = "$(TEST_HOST)";
				CODE_SIGN_STYLE = Automatic;
				INFOPLIST_FILE = HealtTracerTests/Info.plist;
				LD_RUNPATH_SEARCH_PATHS = (
					"$(inherited)",
					"@executable_path/Frameworks",
					"@loader_path/Frameworks",
				);
				PRODUCT_BUNDLE_IDENTIFIER = io.karolkozakowski.HealtTracerTests;
				PRODUCT_NAME = "$(TARGET_NAME)";
				SWIFT_VERSION = 4.0;
				TARGETED_DEVICE_FAMILY = "1,2";
				TEST_HOST = "$(BUILT_PRODUCTS_DIR)/HealtTracer.app/HealtTracer";
			};
			name = Release;
		};
		E32447222085091B00C6B5C4 /* Debug */ = {
			isa = XCBuildConfiguration;
			baseConfigurationReference = 8482AA90D8AA923DF762E40E /* Pods-HealtTracerUITests.debug.xcconfig */;
			buildSettings = {
				ALWAYS_EMBED_SWIFT_STANDARD_LIBRARIES = YES;
				CODE_SIGN_STYLE = Automatic;
				INFOPLIST_FILE = HealtTracerUITests/Info.plist;
				LD_RUNPATH_SEARCH_PATHS = (
					"$(inherited)",
					"@executable_path/Frameworks",
					"@loader_path/Frameworks",
				);
				PRODUCT_BUNDLE_IDENTIFIER = io.karolkozakowski.HealtTracerUITests;
				PRODUCT_NAME = "$(TARGET_NAME)";
				SWIFT_VERSION = 4.0;
				TARGETED_DEVICE_FAMILY = "1,2";
				TEST_TARGET_NAME = HealtTracer;
			};
			name = Debug;
		};
		E32447232085091B00C6B5C4 /* Release */ = {
			isa = XCBuildConfiguration;
			baseConfigurationReference = 71FBA9EF2284007A00A3509B /* Pods-HealtTracerUITests.release.xcconfig */;
			buildSettings = {
				ALWAYS_EMBED_SWIFT_STANDARD_LIBRARIES = YES;
				CODE_SIGN_STYLE = Automatic;
				INFOPLIST_FILE = HealtTracerUITests/Info.plist;
				LD_RUNPATH_SEARCH_PATHS = (
					"$(inherited)",
					"@executable_path/Frameworks",
					"@loader_path/Frameworks",
				);
				PRODUCT_BUNDLE_IDENTIFIER = io.karolkozakowski.HealtTracerUITests;
				PRODUCT_NAME = "$(TARGET_NAME)";
				SWIFT_VERSION = 4.0;
				TARGETED_DEVICE_FAMILY = "1,2";
				TEST_TARGET_NAME = HealtTracer;
			};
			name = Release;
		};
/* End XCBuildConfiguration section */

/* Begin XCConfigurationList section */
		E32446EE2085091900C6B5C4 /* Build configuration list for PBXProject "HealtTracer" */ = {
			isa = XCConfigurationList;
			buildConfigurations = (
				E32447192085091B00C6B5C4 /* Debug */,
				E324471A2085091B00C6B5C4 /* Release */,
			);
			defaultConfigurationIsVisible = 0;
			defaultConfigurationName = Release;
		};
		E324471B2085091B00C6B5C4 /* Build configuration list for PBXNativeTarget "HealtTracer" */ = {
			isa = XCConfigurationList;
			buildConfigurations = (
				E324471C2085091B00C6B5C4 /* Debug */,
				E324471D2085091B00C6B5C4 /* Release */,
			);
			defaultConfigurationIsVisible = 0;
			defaultConfigurationName = Release;
		};
		E324471E2085091B00C6B5C4 /* Build configuration list for PBXNativeTarget "HealtTracerTests" */ = {
			isa = XCConfigurationList;
			buildConfigurations = (
				E324471F2085091B00C6B5C4 /* Debug */,
				E32447202085091B00C6B5C4 /* Release */,
			);
			defaultConfigurationIsVisible = 0;
			defaultConfigurationName = Release;
		};
		E32447212085091B00C6B5C4 /* Build configuration list for PBXNativeTarget "HealtTracerUITests" */ = {
			isa = XCConfigurationList;
			buildConfigurations = (
				E32447222085091B00C6B5C4 /* Debug */,
				E32447232085091B00C6B5C4 /* Release */,
			);
			defaultConfigurationIsVisible = 0;
			defaultConfigurationName = Release;
		};
/* End XCConfigurationList section */
	};
	rootObject = E32446EB2085091900C6B5C4 /* Project object */;
}
